
Microsoft Visual Studio Solution File, Format Version 12.00
# Visual Studio 14
VisualStudioVersion = 14.0.25420.1
MinimumVisualStudioVersion = 10.0.40219.1
Project("{FAE04EC0-301F-11D3-BF4B-00C04F79EFBC}") = "FlirtyTools", "FlirtyTools\FlirtyTools\FlirtyTools.csproj", "{02565ED6-A319-44DB-B5D4-A6F8E45DB74D}"
EndProject
Project("{FAE04EC0-301F-11D3-BF4B-00C04F79EFBC}") = "FlirtyTools.Droid", "FlirtyTools\FlirtyTools.Droid\FlirtyTools.Droid.csproj", "{856EC8F8-9C94-4466-A398-DF806C2BA089}"
EndProject
Project("{FAE04EC0-301F-11D3-BF4B-00C04F79EFBC}") = "FlirtyTools.iOS", "FlirtyTools\FlirtyTools.iOS\FlirtyTools.iOS.csproj", "{984D2927-7E08-46FA-B227-C0CF317DEA98}"
EndProject
Project("{FAE04EC0-301F-11D3-BF4B-00C04F79EFBC}") = "FlirtyTools.UWP", "FlirtyTools\FlirtyTools.UWP\FlirtyTools.UWP.csproj", "{29A81579-3F16-42B9-91A9-3BBF27F0EBF3}"
EndProject
Project("{FAE04EC0-301F-11D3-BF4B-00C04F79EFBC}") = "FlirtyTools.aUnitTests", "FlirtyTools.UnitTests\FlirtyTools.aUnitTests.csproj", "{FF33E0D0-557C-470C-95F7-FBF3EC53E7E1}"
EndProject
Project("{FAE04EC0-301F-11D3-BF4B-00C04F79EFBC}") = "FlirtyTools.Droid.UnitTests", "FlirtyTools.Droid.UnitTests\FlirtyTools.Droid.UnitTests.csproj", "{3E86E571-EFB0-48DD-B9FD-246C13A38DC9}"
EndProject
Project("{FAE04EC0-301F-11D3-BF4B-00C04F79EFBC}") = "FlirtyTools.UWP.UnitTests", "FlirtyTools.UWP.UnitTests\FlirtyTools.UWP.UnitTests.csproj", "{B2F6DE56-680B-42FC-8099-5D653FEAD3C2}"
EndProject
Project("{FAE04EC0-301F-11D3-BF4B-00C04F79EFBC}") = "FlirtyTools.iOS.UnitTests", "FlirtyTools.iOS.UnitTests\FlirtyTools.iOS.UnitTests.csproj", "{BAA29271-076B-4D51-87D4-638A900FD865}"
EndProject
Project("{FAE04EC0-301F-11D3-BF4B-00C04F79EFBC}") = "FlirtyTools.iOS.IntegrationTests", "FlirtyTools.iOS.IntegrationTests\FlirtyTools.iOS.IntegrationTests.csproj", "{192474AB-D081-4BE9-8330-9BAD31EB45C8}"
EndProject
Global
	GlobalSection(SolutionConfigurationPlatforms) = preSolution
		Ad-Hoc|Any CPU = Ad-Hoc|Any CPU
		Ad-Hoc|ARM = Ad-Hoc|ARM
		Ad-Hoc|iPhone = Ad-Hoc|iPhone
		Ad-Hoc|iPhoneSimulator = Ad-Hoc|iPhoneSimulator
		Ad-Hoc|x64 = Ad-Hoc|x64
		Ad-Hoc|x86 = Ad-Hoc|x86
		AppStore|Any CPU = AppStore|Any CPU
		AppStore|ARM = AppStore|ARM
		AppStore|iPhone = AppStore|iPhone
		AppStore|iPhoneSimulator = AppStore|iPhoneSimulator
		AppStore|x64 = AppStore|x64
		AppStore|x86 = AppStore|x86
		Debug|Any CPU = Debug|Any CPU
		Debug|ARM = Debug|ARM
		Debug|iPhone = Debug|iPhone
		Debug|iPhoneSimulator = Debug|iPhoneSimulator
		Debug|x64 = Debug|x64
		Debug|x86 = Debug|x86
		Release|Any CPU = Release|Any CPU
		Release|ARM = Release|ARM
		Release|iPhone = Release|iPhone
		Release|iPhoneSimulator = Release|iPhoneSimulator
		Release|x64 = Release|x64
		Release|x86 = Release|x86
	EndGlobalSection
	GlobalSection(ProjectConfigurationPlatforms) = postSolution
		{02565ED6-A319-44DB-B5D4-A6F8E45DB74D}.Ad-Hoc|Any CPU.ActiveCfg = Release|Any CPU
		{02565ED6-A319-44DB-B5D4-A6F8E45DB74D}.Ad-Hoc|Any CPU.Build.0 = Release|Any CPU
		{02565ED6-A319-44DB-B5D4-A6F8E45DB74D}.Ad-Hoc|ARM.ActiveCfg = Release|Any CPU
		{02565ED6-A319-44DB-B5D4-A6F8E45DB74D}.Ad-Hoc|ARM.Build.0 = Release|Any CPU
		{02565ED6-A319-44DB-B5D4-A6F8E45DB74D}.Ad-Hoc|iPhone.ActiveCfg = Release|Any CPU
		{02565ED6-A319-44DB-B5D4-A6F8E45DB74D}.Ad-Hoc|iPhone.Build.0 = Release|Any CPU
		{02565ED6-A319-44DB-B5D4-A6F8E45DB74D}.Ad-Hoc|iPhoneSimulator.ActiveCfg = Release|Any CPU
		{02565ED6-A319-44DB-B5D4-A6F8E45DB74D}.Ad-Hoc|iPhoneSimulator.Build.0 = Release|Any CPU
		{02565ED6-A319-44DB-B5D4-A6F8E45DB74D}.Ad-Hoc|x64.ActiveCfg = Release|Any CPU
		{02565ED6-A319-44DB-B5D4-A6F8E45DB74D}.Ad-Hoc|x64.Build.0 = Release|Any CPU
		{02565ED6-A319-44DB-B5D4-A6F8E45DB74D}.Ad-Hoc|x86.ActiveCfg = Release|Any CPU
		{02565ED6-A319-44DB-B5D4-A6F8E45DB74D}.Ad-Hoc|x86.Build.0 = Release|Any CPU
		{02565ED6-A319-44DB-B5D4-A6F8E45DB74D}.AppStore|Any CPU.ActiveCfg = Release|Any CPU
		{02565ED6-A319-44DB-B5D4-A6F8E45DB74D}.AppStore|Any CPU.Build.0 = Release|Any CPU
		{02565ED6-A319-44DB-B5D4-A6F8E45DB74D}.AppStore|ARM.ActiveCfg = Release|Any CPU
		{02565ED6-A319-44DB-B5D4-A6F8E45DB74D}.AppStore|ARM.Build.0 = Release|Any CPU
		{02565ED6-A319-44DB-B5D4-A6F8E45DB74D}.AppStore|iPhone.ActiveCfg = Release|Any CPU
		{02565ED6-A319-44DB-B5D4-A6F8E45DB74D}.AppStore|iPhone.Build.0 = Release|Any CPU
		{02565ED6-A319-44DB-B5D4-A6F8E45DB74D}.AppStore|iPhoneSimulator.ActiveCfg = Release|Any CPU
		{02565ED6-A319-44DB-B5D4-A6F8E45DB74D}.AppStore|iPhoneSimulator.Build.0 = Release|Any CPU
		{02565ED6-A319-44DB-B5D4-A6F8E45DB74D}.AppStore|x64.ActiveCfg = Release|Any CPU
		{02565ED6-A319-44DB-B5D4-A6F8E45DB74D}.AppStore|x64.Build.0 = Release|Any CPU
		{02565ED6-A319-44DB-B5D4-A6F8E45DB74D}.AppStore|x86.ActiveCfg = Release|Any CPU
		{02565ED6-A319-44DB-B5D4-A6F8E45DB74D}.AppStore|x86.Build.0 = Release|Any CPU
		{02565ED6-A319-44DB-B5D4-A6F8E45DB74D}.Debug|Any CPU.ActiveCfg = Debug|Any CPU
		{02565ED6-A319-44DB-B5D4-A6F8E45DB74D}.Debug|Any CPU.Build.0 = Debug|Any CPU
		{02565ED6-A319-44DB-B5D4-A6F8E45DB74D}.Debug|ARM.ActiveCfg = Debug|Any CPU
		{02565ED6-A319-44DB-B5D4-A6F8E45DB74D}.Debug|ARM.Build.0 = Debug|Any CPU
		{02565ED6-A319-44DB-B5D4-A6F8E45DB74D}.Debug|iPhone.ActiveCfg = Debug|Any CPU
		{02565ED6-A319-44DB-B5D4-A6F8E45DB74D}.Debug|iPhone.Build.0 = Debug|Any CPU
		{02565ED6-A319-44DB-B5D4-A6F8E45DB74D}.Debug|iPhoneSimulator.ActiveCfg = Debug|Any CPU
		{02565ED6-A319-44DB-B5D4-A6F8E45DB74D}.Debug|iPhoneSimulator.Build.0 = Debug|Any CPU
		{02565ED6-A319-44DB-B5D4-A6F8E45DB74D}.Debug|x64.ActiveCfg = Debug|Any CPU
		{02565ED6-A319-44DB-B5D4-A6F8E45DB74D}.Debug|x64.Build.0 = Debug|Any CPU
		{02565ED6-A319-44DB-B5D4-A6F8E45DB74D}.Debug|x86.ActiveCfg = Debug|Any CPU
		{02565ED6-A319-44DB-B5D4-A6F8E45DB74D}.Debug|x86.Build.0 = Debug|Any CPU
		{02565ED6-A319-44DB-B5D4-A6F8E45DB74D}.Release|Any CPU.ActiveCfg = Release|Any CPU
		{02565ED6-A319-44DB-B5D4-A6F8E45DB74D}.Release|Any CPU.Build.0 = Release|Any CPU
		{02565ED6-A319-44DB-B5D4-A6F8E45DB74D}.Release|ARM.ActiveCfg = Release|Any CPU
		{02565ED6-A319-44DB-B5D4-A6F8E45DB74D}.Release|ARM.Build.0 = Release|Any CPU
		{02565ED6-A319-44DB-B5D4-A6F8E45DB74D}.Release|iPhone.ActiveCfg = Release|Any CPU
		{02565ED6-A319-44DB-B5D4-A6F8E45DB74D}.Release|iPhone.Build.0 = Release|Any CPU
		{02565ED6-A319-44DB-B5D4-A6F8E45DB74D}.Release|iPhoneSimulator.ActiveCfg = Release|Any CPU
		{02565ED6-A319-44DB-B5D4-A6F8E45DB74D}.Release|iPhoneSimulator.Build.0 = Release|Any CPU
		{02565ED6-A319-44DB-B5D4-A6F8E45DB74D}.Release|x64.ActiveCfg = Release|Any CPU
		{02565ED6-A319-44DB-B5D4-A6F8E45DB74D}.Release|x64.Build.0 = Release|Any CPU
		{02565ED6-A319-44DB-B5D4-A6F8E45DB74D}.Release|x86.ActiveCfg = Release|Any CPU
		{02565ED6-A319-44DB-B5D4-A6F8E45DB74D}.Release|x86.Build.0 = Release|Any CPU
		{856EC8F8-9C94-4466-A398-DF806C2BA089}.Ad-Hoc|Any CPU.ActiveCfg = Release|Any CPU
		{856EC8F8-9C94-4466-A398-DF806C2BA089}.Ad-Hoc|Any CPU.Build.0 = Release|Any CPU
		{856EC8F8-9C94-4466-A398-DF806C2BA089}.Ad-Hoc|Any CPU.Deploy.0 = Release|Any CPU
		{856EC8F8-9C94-4466-A398-DF806C2BA089}.Ad-Hoc|ARM.ActiveCfg = Release|Any CPU
		{856EC8F8-9C94-4466-A398-DF806C2BA089}.Ad-Hoc|ARM.Build.0 = Release|Any CPU
		{856EC8F8-9C94-4466-A398-DF806C2BA089}.Ad-Hoc|ARM.Deploy.0 = Release|Any CPU
		{856EC8F8-9C94-4466-A398-DF806C2BA089}.Ad-Hoc|iPhone.ActiveCfg = Release|Any CPU
		{856EC8F8-9C94-4466-A398-DF806C2BA089}.Ad-Hoc|iPhone.Build.0 = Release|Any CPU
		{856EC8F8-9C94-4466-A398-DF806C2BA089}.Ad-Hoc|iPhone.Deploy.0 = Release|Any CPU
		{856EC8F8-9C94-4466-A398-DF806C2BA089}.Ad-Hoc|iPhoneSimulator.ActiveCfg = Release|Any CPU
		{856EC8F8-9C94-4466-A398-DF806C2BA089}.Ad-Hoc|iPhoneSimulator.Build.0 = Release|Any CPU
		{856EC8F8-9C94-4466-A398-DF806C2BA089}.Ad-Hoc|iPhoneSimulator.Deploy.0 = Release|Any CPU
		{856EC8F8-9C94-4466-A398-DF806C2BA089}.Ad-Hoc|x64.ActiveCfg = Release|Any CPU
		{856EC8F8-9C94-4466-A398-DF806C2BA089}.Ad-Hoc|x64.Build.0 = Release|Any CPU
		{856EC8F8-9C94-4466-A398-DF806C2BA089}.Ad-Hoc|x64.Deploy.0 = Release|Any CPU
		{856EC8F8-9C94-4466-A398-DF806C2BA089}.Ad-Hoc|x86.ActiveCfg = Release|Any CPU
		{856EC8F8-9C94-4466-A398-DF806C2BA089}.Ad-Hoc|x86.Build.0 = Release|Any CPU
		{856EC8F8-9C94-4466-A398-DF806C2BA089}.Ad-Hoc|x86.Deploy.0 = Release|Any CPU
		{856EC8F8-9C94-4466-A398-DF806C2BA089}.AppStore|Any CPU.ActiveCfg = Release|Any CPU
		{856EC8F8-9C94-4466-A398-DF806C2BA089}.AppStore|Any CPU.Build.0 = Release|Any CPU
		{856EC8F8-9C94-4466-A398-DF806C2BA089}.AppStore|Any CPU.Deploy.0 = Release|Any CPU
		{856EC8F8-9C94-4466-A398-DF806C2BA089}.AppStore|ARM.ActiveCfg = Release|Any CPU
		{856EC8F8-9C94-4466-A398-DF806C2BA089}.AppStore|ARM.Build.0 = Release|Any CPU
		{856EC8F8-9C94-4466-A398-DF806C2BA089}.AppStore|ARM.Deploy.0 = Release|Any CPU
		{856EC8F8-9C94-4466-A398-DF806C2BA089}.AppStore|iPhone.ActiveCfg = Release|Any CPU
		{856EC8F8-9C94-4466-A398-DF806C2BA089}.AppStore|iPhone.Build.0 = Release|Any CPU
		{856EC8F8-9C94-4466-A398-DF806C2BA089}.AppStore|iPhone.Deploy.0 = Release|Any CPU
		{856EC8F8-9C94-4466-A398-DF806C2BA089}.AppStore|iPhoneSimulator.ActiveCfg = Release|Any CPU
		{856EC8F8-9C94-4466-A398-DF806C2BA089}.AppStore|iPhoneSimulator.Build.0 = Release|Any CPU
		{856EC8F8-9C94-4466-A398-DF806C2BA089}.AppStore|iPhoneSimulator.Deploy.0 = Release|Any CPU
		{856EC8F8-9C94-4466-A398-DF806C2BA089}.AppStore|x64.ActiveCfg = Release|Any CPU
		{856EC8F8-9C94-4466-A398-DF806C2BA089}.AppStore|x64.Build.0 = Release|Any CPU
		{856EC8F8-9C94-4466-A398-DF806C2BA089}.AppStore|x64.Deploy.0 = Release|Any CPU
		{856EC8F8-9C94-4466-A398-DF806C2BA089}.AppStore|x86.ActiveCfg = Release|Any CPU
		{856EC8F8-9C94-4466-A398-DF806C2BA089}.AppStore|x86.Build.0 = Release|Any CPU
		{856EC8F8-9C94-4466-A398-DF806C2BA089}.AppStore|x86.Deploy.0 = Release|Any CPU
		{856EC8F8-9C94-4466-A398-DF806C2BA089}.Debug|Any CPU.ActiveCfg = Debug|Any CPU
		{856EC8F8-9C94-4466-A398-DF806C2BA089}.Debug|Any CPU.Build.0 = Debug|Any CPU
		{856EC8F8-9C94-4466-A398-DF806C2BA089}.Debug|Any CPU.Deploy.0 = Debug|Any CPU
		{856EC8F8-9C94-4466-A398-DF806C2BA089}.Debug|ARM.ActiveCfg = Debug|Any CPU
		{856EC8F8-9C94-4466-A398-DF806C2BA089}.Debug|ARM.Build.0 = Debug|Any CPU
		{856EC8F8-9C94-4466-A398-DF806C2BA089}.Debug|ARM.Deploy.0 = Debug|Any CPU
		{856EC8F8-9C94-4466-A398-DF806C2BA089}.Debug|iPhone.ActiveCfg = Debug|Any CPU
		{856EC8F8-9C94-4466-A398-DF806C2BA089}.Debug|iPhone.Build.0 = Debug|Any CPU
		{856EC8F8-9C94-4466-A398-DF806C2BA089}.Debug|iPhone.Deploy.0 = Debug|Any CPU
		{856EC8F8-9C94-4466-A398-DF806C2BA089}.Debug|iPhoneSimulator.ActiveCfg = Debug|Any CPU
		{856EC8F8-9C94-4466-A398-DF806C2BA089}.Debug|iPhoneSimulator.Build.0 = Debug|Any CPU
		{856EC8F8-9C94-4466-A398-DF806C2BA089}.Debug|iPhoneSimulator.Deploy.0 = Debug|Any CPU
		{856EC8F8-9C94-4466-A398-DF806C2BA089}.Debug|x64.ActiveCfg = Debug|Any CPU
		{856EC8F8-9C94-4466-A398-DF806C2BA089}.Debug|x64.Build.0 = Debug|Any CPU
		{856EC8F8-9C94-4466-A398-DF806C2BA089}.Debug|x64.Deploy.0 = Debug|Any CPU
		{856EC8F8-9C94-4466-A398-DF806C2BA089}.Debug|x86.ActiveCfg = Debug|Any CPU
		{856EC8F8-9C94-4466-A398-DF806C2BA089}.Debug|x86.Build.0 = Debug|Any CPU
		{856EC8F8-9C94-4466-A398-DF806C2BA089}.Debug|x86.Deploy.0 = Debug|Any CPU
		{856EC8F8-9C94-4466-A398-DF806C2BA089}.Release|Any CPU.ActiveCfg = Release|Any CPU
		{856EC8F8-9C94-4466-A398-DF806C2BA089}.Release|Any CPU.Build.0 = Release|Any CPU
		{856EC8F8-9C94-4466-A398-DF806C2BA089}.Release|Any CPU.Deploy.0 = Release|Any CPU
		{856EC8F8-9C94-4466-A398-DF806C2BA089}.Release|ARM.ActiveCfg = Release|Any CPU
		{856EC8F8-9C94-4466-A398-DF806C2BA089}.Release|ARM.Build.0 = Release|Any CPU
		{856EC8F8-9C94-4466-A398-DF806C2BA089}.Release|ARM.Deploy.0 = Release|Any CPU
		{856EC8F8-9C94-4466-A398-DF806C2BA089}.Release|iPhone.ActiveCfg = Release|Any CPU
		{856EC8F8-9C94-4466-A398-DF806C2BA089}.Release|iPhone.Build.0 = Release|Any CPU
		{856EC8F8-9C94-4466-A398-DF806C2BA089}.Release|iPhone.Deploy.0 = Release|Any CPU
		{856EC8F8-9C94-4466-A398-DF806C2BA089}.Release|iPhoneSimulator.ActiveCfg = Release|Any CPU
		{856EC8F8-9C94-4466-A398-DF806C2BA089}.Release|iPhoneSimulator.Build.0 = Release|Any CPU
		{856EC8F8-9C94-4466-A398-DF806C2BA089}.Release|iPhoneSimulator.Deploy.0 = Release|Any CPU
		{856EC8F8-9C94-4466-A398-DF806C2BA089}.Release|x64.ActiveCfg = Release|Any CPU
		{856EC8F8-9C94-4466-A398-DF806C2BA089}.Release|x64.Build.0 = Release|Any CPU
		{856EC8F8-9C94-4466-A398-DF806C2BA089}.Release|x64.Deploy.0 = Release|Any CPU
		{856EC8F8-9C94-4466-A398-DF806C2BA089}.Release|x86.ActiveCfg = Release|Any CPU
		{856EC8F8-9C94-4466-A398-DF806C2BA089}.Release|x86.Build.0 = Release|Any CPU
		{856EC8F8-9C94-4466-A398-DF806C2BA089}.Release|x86.Deploy.0 = Release|Any CPU
		{984D2927-7E08-46FA-B227-C0CF317DEA98}.Ad-Hoc|Any CPU.ActiveCfg = Ad-Hoc|iPhone
		{984D2927-7E08-46FA-B227-C0CF317DEA98}.Ad-Hoc|ARM.ActiveCfg = Ad-Hoc|iPhone
		{984D2927-7E08-46FA-B227-C0CF317DEA98}.Ad-Hoc|iPhone.ActiveCfg = Ad-Hoc|iPhone
		{984D2927-7E08-46FA-B227-C0CF317DEA98}.Ad-Hoc|iPhone.Build.0 = Ad-Hoc|iPhone
		{984D2927-7E08-46FA-B227-C0CF317DEA98}.Ad-Hoc|iPhoneSimulator.ActiveCfg = Ad-Hoc|iPhoneSimulator
		{984D2927-7E08-46FA-B227-C0CF317DEA98}.Ad-Hoc|iPhoneSimulator.Build.0 = Ad-Hoc|iPhoneSimulator
		{984D2927-7E08-46FA-B227-C0CF317DEA98}.Ad-Hoc|x64.ActiveCfg = Ad-Hoc|iPhone
		{984D2927-7E08-46FA-B227-C0CF317DEA98}.Ad-Hoc|x86.ActiveCfg = Ad-Hoc|iPhone
		{984D2927-7E08-46FA-B227-C0CF317DEA98}.AppStore|Any CPU.ActiveCfg = AppStore|iPhone
		{984D2927-7E08-46FA-B227-C0CF317DEA98}.AppStore|ARM.ActiveCfg = AppStore|iPhone
		{984D2927-7E08-46FA-B227-C0CF317DEA98}.AppStore|iPhone.ActiveCfg = AppStore|iPhone
		{984D2927-7E08-46FA-B227-C0CF317DEA98}.AppStore|iPhone.Build.0 = AppStore|iPhone
		{984D2927-7E08-46FA-B227-C0CF317DEA98}.AppStore|iPhoneSimulator.ActiveCfg = AppStore|iPhoneSimulator
		{984D2927-7E08-46FA-B227-C0CF317DEA98}.AppStore|iPhoneSimulator.Build.0 = AppStore|iPhoneSimulator
		{984D2927-7E08-46FA-B227-C0CF317DEA98}.AppStore|x64.ActiveCfg = AppStore|iPhone
		{984D2927-7E08-46FA-B227-C0CF317DEA98}.AppStore|x86.ActiveCfg = AppStore|iPhone
		{984D2927-7E08-46FA-B227-C0CF317DEA98}.Debug|Any CPU.ActiveCfg = Debug|iPhone
		{984D2927-7E08-46FA-B227-C0CF317DEA98}.Debug|Any CPU.Build.0 = Debug|iPhone
		{984D2927-7E08-46FA-B227-C0CF317DEA98}.Debug|ARM.ActiveCfg = Debug|iPhone
		{984D2927-7E08-46FA-B227-C0CF317DEA98}.Debug|iPhone.ActiveCfg = Debug|iPhone
		{984D2927-7E08-46FA-B227-C0CF317DEA98}.Debug|iPhone.Build.0 = Debug|iPhone
		{984D2927-7E08-46FA-B227-C0CF317DEA98}.Debug|iPhoneSimulator.ActiveCfg = Debug|iPhoneSimulator
		{984D2927-7E08-46FA-B227-C0CF317DEA98}.Debug|iPhoneSimulator.Build.0 = Debug|iPhoneSimulator
		{984D2927-7E08-46FA-B227-C0CF317DEA98}.Debug|x64.ActiveCfg = Debug|iPhone
		{984D2927-7E08-46FA-B227-C0CF317DEA98}.Debug|x86.ActiveCfg = Debug|iPhone
		{984D2927-7E08-46FA-B227-C0CF317DEA98}.Release|Any CPU.ActiveCfg = Release|iPhone
		{984D2927-7E08-46FA-B227-C0CF317DEA98}.Release|ARM.ActiveCfg = Release|iPhone
		{984D2927-7E08-46FA-B227-C0CF317DEA98}.Release|iPhone.ActiveCfg = Release|iPhone
		{984D2927-7E08-46FA-B227-C0CF317DEA98}.Release|iPhone.Build.0 = Release|iPhone
		{984D2927-7E08-46FA-B227-C0CF317DEA98}.Release|iPhoneSimulator.ActiveCfg = Release|iPhoneSimulator
		{984D2927-7E08-46FA-B227-C0CF317DEA98}.Release|iPhoneSimulator.Build.0 = Release|iPhoneSimulator
		{984D2927-7E08-46FA-B227-C0CF317DEA98}.Release|x64.ActiveCfg = Release|iPhone
		{984D2927-7E08-46FA-B227-C0CF317DEA98}.Release|x86.ActiveCfg = Release|iPhone
		{29A81579-3F16-42B9-91A9-3BBF27F0EBF3}.Ad-Hoc|Any CPU.ActiveCfg = Release|x86
		{29A81579-3F16-42B9-91A9-3BBF27F0EBF3}.Ad-Hoc|Any CPU.Build.0 = Release|x86
		{29A81579-3F16-42B9-91A9-3BBF27F0EBF3}.Ad-Hoc|Any CPU.Deploy.0 = Release|x86
		{29A81579-3F16-42B9-91A9-3BBF27F0EBF3}.Ad-Hoc|ARM.ActiveCfg = Release|ARM
		{29A81579-3F16-42B9-91A9-3BBF27F0EBF3}.Ad-Hoc|ARM.Build.0 = Release|ARM
		{29A81579-3F16-42B9-91A9-3BBF27F0EBF3}.Ad-Hoc|ARM.Deploy.0 = Release|ARM
		{29A81579-3F16-42B9-91A9-3BBF27F0EBF3}.Ad-Hoc|iPhone.ActiveCfg = Release|x86
		{29A81579-3F16-42B9-91A9-3BBF27F0EBF3}.Ad-Hoc|iPhone.Build.0 = Release|x86
		{29A81579-3F16-42B9-91A9-3BBF27F0EBF3}.Ad-Hoc|iPhone.Deploy.0 = Release|x86
		{29A81579-3F16-42B9-91A9-3BBF27F0EBF3}.Ad-Hoc|iPhoneSimulator.ActiveCfg = Release|x86
		{29A81579-3F16-42B9-91A9-3BBF27F0EBF3}.Ad-Hoc|iPhoneSimulator.Build.0 = Release|x86
		{29A81579-3F16-42B9-91A9-3BBF27F0EBF3}.Ad-Hoc|iPhoneSimulator.Deploy.0 = Release|x86
		{29A81579-3F16-42B9-91A9-3BBF27F0EBF3}.Ad-Hoc|x64.ActiveCfg = Release|x64
		{29A81579-3F16-42B9-91A9-3BBF27F0EBF3}.Ad-Hoc|x64.Build.0 = Release|x64
		{29A81579-3F16-42B9-91A9-3BBF27F0EBF3}.Ad-Hoc|x64.Deploy.0 = Release|x64
		{29A81579-3F16-42B9-91A9-3BBF27F0EBF3}.Ad-Hoc|x86.ActiveCfg = Release|x86
		{29A81579-3F16-42B9-91A9-3BBF27F0EBF3}.Ad-Hoc|x86.Build.0 = Release|x86
		{29A81579-3F16-42B9-91A9-3BBF27F0EBF3}.Ad-Hoc|x86.Deploy.0 = Release|x86
		{29A81579-3F16-42B9-91A9-3BBF27F0EBF3}.AppStore|Any CPU.ActiveCfg = Release|x86
		{29A81579-3F16-42B9-91A9-3BBF27F0EBF3}.AppStore|Any CPU.Build.0 = Release|x86
		{29A81579-3F16-42B9-91A9-3BBF27F0EBF3}.AppStore|Any CPU.Deploy.0 = Release|x86
		{29A81579-3F16-42B9-91A9-3BBF27F0EBF3}.AppStore|ARM.ActiveCfg = Release|ARM
		{29A81579-3F16-42B9-91A9-3BBF27F0EBF3}.AppStore|ARM.Build.0 = Release|ARM
		{29A81579-3F16-42B9-91A9-3BBF27F0EBF3}.AppStore|ARM.Deploy.0 = Release|ARM
		{29A81579-3F16-42B9-91A9-3BBF27F0EBF3}.AppStore|iPhone.ActiveCfg = Release|x86
		{29A81579-3F16-42B9-91A9-3BBF27F0EBF3}.AppStore|iPhone.Build.0 = Release|x86
		{29A81579-3F16-42B9-91A9-3BBF27F0EBF3}.AppStore|iPhone.Deploy.0 = Release|x86
		{29A81579-3F16-42B9-91A9-3BBF27F0EBF3}.AppStore|iPhoneSimulator.ActiveCfg = Release|x86
		{29A81579-3F16-42B9-91A9-3BBF27F0EBF3}.AppStore|iPhoneSimulator.Build.0 = Release|x86
		{29A81579-3F16-42B9-91A9-3BBF27F0EBF3}.AppStore|iPhoneSimulator.Deploy.0 = Release|x86
		{29A81579-3F16-42B9-91A9-3BBF27F0EBF3}.AppStore|x64.ActiveCfg = Release|x64
		{29A81579-3F16-42B9-91A9-3BBF27F0EBF3}.AppStore|x64.Build.0 = Release|x64
		{29A81579-3F16-42B9-91A9-3BBF27F0EBF3}.AppStore|x64.Deploy.0 = Release|x64
		{29A81579-3F16-42B9-91A9-3BBF27F0EBF3}.AppStore|x86.ActiveCfg = Release|x86
		{29A81579-3F16-42B9-91A9-3BBF27F0EBF3}.AppStore|x86.Build.0 = Release|x86
		{29A81579-3F16-42B9-91A9-3BBF27F0EBF3}.AppStore|x86.Deploy.0 = Release|x86
		{29A81579-3F16-42B9-91A9-3BBF27F0EBF3}.Debug|Any CPU.ActiveCfg = Debug|x86
		{29A81579-3F16-42B9-91A9-3BBF27F0EBF3}.Debug|Any CPU.Build.0 = Debug|x86
		{29A81579-3F16-42B9-91A9-3BBF27F0EBF3}.Debug|Any CPU.Deploy.0 = Debug|x86
		{29A81579-3F16-42B9-91A9-3BBF27F0EBF3}.Debug|ARM.ActiveCfg = Debug|ARM
		{29A81579-3F16-42B9-91A9-3BBF27F0EBF3}.Debug|ARM.Build.0 = Debug|ARM
		{29A81579-3F16-42B9-91A9-3BBF27F0EBF3}.Debug|ARM.Deploy.0 = Debug|ARM
		{29A81579-3F16-42B9-91A9-3BBF27F0EBF3}.Debug|iPhone.ActiveCfg = Debug|x86
		{29A81579-3F16-42B9-91A9-3BBF27F0EBF3}.Debug|iPhoneSimulator.ActiveCfg = Debug|x86
		{29A81579-3F16-42B9-91A9-3BBF27F0EBF3}.Debug|x64.ActiveCfg = Debug|x64
		{29A81579-3F16-42B9-91A9-3BBF27F0EBF3}.Debug|x64.Build.0 = Debug|x64
		{29A81579-3F16-42B9-91A9-3BBF27F0EBF3}.Debug|x64.Deploy.0 = Debug|x64
		{29A81579-3F16-42B9-91A9-3BBF27F0EBF3}.Debug|x86.ActiveCfg = Debug|x86
		{29A81579-3F16-42B9-91A9-3BBF27F0EBF3}.Debug|x86.Build.0 = Debug|x86
		{29A81579-3F16-42B9-91A9-3BBF27F0EBF3}.Debug|x86.Deploy.0 = Debug|x86
		{29A81579-3F16-42B9-91A9-3BBF27F0EBF3}.Release|Any CPU.ActiveCfg = Release|x86
		{29A81579-3F16-42B9-91A9-3BBF27F0EBF3}.Release|ARM.ActiveCfg = Release|ARM
		{29A81579-3F16-42B9-91A9-3BBF27F0EBF3}.Release|ARM.Build.0 = Release|ARM
		{29A81579-3F16-42B9-91A9-3BBF27F0EBF3}.Release|ARM.Deploy.0 = Release|ARM
		{29A81579-3F16-42B9-91A9-3BBF27F0EBF3}.Release|iPhone.ActiveCfg = Release|x86
		{29A81579-3F16-42B9-91A9-3BBF27F0EBF3}.Release|iPhoneSimulator.ActiveCfg = Release|x86
		{29A81579-3F16-42B9-91A9-3BBF27F0EBF3}.Release|x64.ActiveCfg = Release|x64
		{29A81579-3F16-42B9-91A9-3BBF27F0EBF3}.Release|x64.Build.0 = Release|x64
		{29A81579-3F16-42B9-91A9-3BBF27F0EBF3}.Release|x64.Deploy.0 = Release|x64
		{29A81579-3F16-42B9-91A9-3BBF27F0EBF3}.Release|x86.ActiveCfg = Release|x86
		{29A81579-3F16-42B9-91A9-3BBF27F0EBF3}.Release|x86.Build.0 = Release|x86
		{29A81579-3F16-42B9-91A9-3BBF27F0EBF3}.Release|x86.Deploy.0 = Release|x86
		{FF33E0D0-557C-470C-95F7-FBF3EC53E7E1}.Ad-Hoc|Any CPU.ActiveCfg = Release|Any CPU
		{FF33E0D0-557C-470C-95F7-FBF3EC53E7E1}.Ad-Hoc|Any CPU.Build.0 = Release|Any CPU
		{FF33E0D0-557C-470C-95F7-FBF3EC53E7E1}.Ad-Hoc|ARM.ActiveCfg = Release|Any CPU
		{FF33E0D0-557C-470C-95F7-FBF3EC53E7E1}.Ad-Hoc|ARM.Build.0 = Release|Any CPU
		{FF33E0D0-557C-470C-95F7-FBF3EC53E7E1}.Ad-Hoc|iPhone.ActiveCfg = Release|Any CPU
		{FF33E0D0-557C-470C-95F7-FBF3EC53E7E1}.Ad-Hoc|iPhone.Build.0 = Release|Any CPU
		{FF33E0D0-557C-470C-95F7-FBF3EC53E7E1}.Ad-Hoc|iPhoneSimulator.ActiveCfg = Release|Any CPU
		{FF33E0D0-557C-470C-95F7-FBF3EC53E7E1}.Ad-Hoc|iPhoneSimulator.Build.0 = Release|Any CPU
		{FF33E0D0-557C-470C-95F7-FBF3EC53E7E1}.Ad-Hoc|x64.ActiveCfg = Release|Any CPU
		{FF33E0D0-557C-470C-95F7-FBF3EC53E7E1}.Ad-Hoc|x64.Build.0 = Release|Any CPU
		{FF33E0D0-557C-470C-95F7-FBF3EC53E7E1}.Ad-Hoc|x86.ActiveCfg = Release|Any CPU
		{FF33E0D0-557C-470C-95F7-FBF3EC53E7E1}.Ad-Hoc|x86.Build.0 = Release|Any CPU
		{FF33E0D0-557C-470C-95F7-FBF3EC53E7E1}.AppStore|Any CPU.ActiveCfg = Release|Any CPU
		{FF33E0D0-557C-470C-95F7-FBF3EC53E7E1}.AppStore|Any CPU.Build.0 = Release|Any CPU
		{FF33E0D0-557C-470C-95F7-FBF3EC53E7E1}.AppStore|ARM.ActiveCfg = Release|Any CPU
		{FF33E0D0-557C-470C-95F7-FBF3EC53E7E1}.AppStore|ARM.Build.0 = Release|Any CPU
		{FF33E0D0-557C-470C-95F7-FBF3EC53E7E1}.AppStore|iPhone.ActiveCfg = Release|Any CPU
		{FF33E0D0-557C-470C-95F7-FBF3EC53E7E1}.AppStore|iPhone.Build.0 = Release|Any CPU
		{FF33E0D0-557C-470C-95F7-FBF3EC53E7E1}.AppStore|iPhoneSimulator.ActiveCfg = Release|Any CPU
		{FF33E0D0-557C-470C-95F7-FBF3EC53E7E1}.AppStore|iPhoneSimulator.Build.0 = Release|Any CPU
		{FF33E0D0-557C-470C-95F7-FBF3EC53E7E1}.AppStore|x64.ActiveCfg = Release|Any CPU
		{FF33E0D0-557C-470C-95F7-FBF3EC53E7E1}.AppStore|x64.Build.0 = Release|Any CPU
		{FF33E0D0-557C-470C-95F7-FBF3EC53E7E1}.AppStore|x86.ActiveCfg = Release|Any CPU
		{FF33E0D0-557C-470C-95F7-FBF3EC53E7E1}.AppStore|x86.Build.0 = Release|Any CPU
		{FF33E0D0-557C-470C-95F7-FBF3EC53E7E1}.Debug|Any CPU.ActiveCfg = Debug|Any CPU
		{FF33E0D0-557C-470C-95F7-FBF3EC53E7E1}.Debug|Any CPU.Build.0 = Debug|Any CPU
		{FF33E0D0-557C-470C-95F7-FBF3EC53E7E1}.Debug|ARM.ActiveCfg = Debug|Any CPU
		{FF33E0D0-557C-470C-95F7-FBF3EC53E7E1}.Debug|ARM.Build.0 = Debug|Any CPU
		{FF33E0D0-557C-470C-95F7-FBF3EC53E7E1}.Debug|iPhone.ActiveCfg = Debug|Any CPU
		{FF33E0D0-557C-470C-95F7-FBF3EC53E7E1}.Debug|iPhone.Build.0 = Debug|Any CPU
		{FF33E0D0-557C-470C-95F7-FBF3EC53E7E1}.Debug|iPhoneSimulator.ActiveCfg = Debug|Any CPU
		{FF33E0D0-557C-470C-95F7-FBF3EC53E7E1}.Debug|iPhoneSimulator.Build.0 = Debug|Any CPU
		{FF33E0D0-557C-470C-95F7-FBF3EC53E7E1}.Debug|x64.ActiveCfg = Debug|Any CPU
		{FF33E0D0-557C-470C-95F7-FBF3EC53E7E1}.Debug|x64.Build.0 = Debug|Any CPU
		{FF33E0D0-557C-470C-95F7-FBF3EC53E7E1}.Debug|x86.ActiveCfg = Debug|Any CPU
		{FF33E0D0-557C-470C-95F7-FBF3EC53E7E1}.Debug|x86.Build.0 = Debug|Any CPU
		{FF33E0D0-557C-470C-95F7-FBF3EC53E7E1}.Release|Any CPU.ActiveCfg = Release|Any CPU
		{FF33E0D0-557C-470C-95F7-FBF3EC53E7E1}.Release|Any CPU.Build.0 = Release|Any CPU
		{FF33E0D0-557C-470C-95F7-FBF3EC53E7E1}.Release|ARM.ActiveCfg = Release|Any CPU
		{FF33E0D0-557C-470C-95F7-FBF3EC53E7E1}.Release|ARM.Build.0 = Release|Any CPU
		{FF33E0D0-557C-470C-95F7-FBF3EC53E7E1}.Release|iPhone.ActiveCfg = Release|Any CPU
		{FF33E0D0-557C-470C-95F7-FBF3EC53E7E1}.Release|iPhone.Build.0 = Release|Any CPU
		{FF33E0D0-557C-470C-95F7-FBF3EC53E7E1}.Release|iPhoneSimulator.ActiveCfg = Release|Any CPU
		{FF33E0D0-557C-470C-95F7-FBF3EC53E7E1}.Release|iPhoneSimulator.Build.0 = Release|Any CPU
		{FF33E0D0-557C-470C-95F7-FBF3EC53E7E1}.Release|x64.ActiveCfg = Release|Any CPU
		{FF33E0D0-557C-470C-95F7-FBF3EC53E7E1}.Release|x64.Build.0 = Release|Any CPU
		{FF33E0D0-557C-470C-95F7-FBF3EC53E7E1}.Release|x86.ActiveCfg = Release|Any CPU
		{FF33E0D0-557C-470C-95F7-FBF3EC53E7E1}.Release|x86.Build.0 = Release|Any CPU
		{3E86E571-EFB0-48DD-B9FD-246C13A38DC9}.Ad-Hoc|Any CPU.ActiveCfg = Release|Any CPU
		{3E86E571-EFB0-48DD-B9FD-246C13A38DC9}.Ad-Hoc|Any CPU.Build.0 = Release|Any CPU
		{3E86E571-EFB0-48DD-B9FD-246C13A38DC9}.Ad-Hoc|Any CPU.Deploy.0 = Release|Any CPU
		{3E86E571-EFB0-48DD-B9FD-246C13A38DC9}.Ad-Hoc|ARM.ActiveCfg = Release|Any CPU
		{3E86E571-EFB0-48DD-B9FD-246C13A38DC9}.Ad-Hoc|ARM.Build.0 = Release|Any CPU
		{3E86E571-EFB0-48DD-B9FD-246C13A38DC9}.Ad-Hoc|ARM.Deploy.0 = Release|Any CPU
		{3E86E571-EFB0-48DD-B9FD-246C13A38DC9}.Ad-Hoc|iPhone.ActiveCfg = Release|Any CPU
		{3E86E571-EFB0-48DD-B9FD-246C13A38DC9}.Ad-Hoc|iPhone.Build.0 = Release|Any CPU
		{3E86E571-EFB0-48DD-B9FD-246C13A38DC9}.Ad-Hoc|iPhone.Deploy.0 = Release|Any CPU
		{3E86E571-EFB0-48DD-B9FD-246C13A38DC9}.Ad-Hoc|iPhoneSimulator.ActiveCfg = Release|Any CPU
		{3E86E571-EFB0-48DD-B9FD-246C13A38DC9}.Ad-Hoc|iPhoneSimulator.Build.0 = Release|Any CPU
		{3E86E571-EFB0-48DD-B9FD-246C13A38DC9}.Ad-Hoc|iPhoneSimulator.Deploy.0 = Release|Any CPU
		{3E86E571-EFB0-48DD-B9FD-246C13A38DC9}.Ad-Hoc|x64.ActiveCfg = Release|Any CPU
		{3E86E571-EFB0-48DD-B9FD-246C13A38DC9}.Ad-Hoc|x64.Build.0 = Release|Any CPU
		{3E86E571-EFB0-48DD-B9FD-246C13A38DC9}.Ad-Hoc|x64.Deploy.0 = Release|Any CPU
		{3E86E571-EFB0-48DD-B9FD-246C13A38DC9}.Ad-Hoc|x86.ActiveCfg = Release|Any CPU
		{3E86E571-EFB0-48DD-B9FD-246C13A38DC9}.Ad-Hoc|x86.Build.0 = Release|Any CPU
		{3E86E571-EFB0-48DD-B9FD-246C13A38DC9}.Ad-Hoc|x86.Deploy.0 = Release|Any CPU
		{3E86E571-EFB0-48DD-B9FD-246C13A38DC9}.AppStore|Any CPU.ActiveCfg = Release|Any CPU
		{3E86E571-EFB0-48DD-B9FD-246C13A38DC9}.AppStore|Any CPU.Build.0 = Release|Any CPU
		{3E86E571-EFB0-48DD-B9FD-246C13A38DC9}.AppStore|Any CPU.Deploy.0 = Release|Any CPU
		{3E86E571-EFB0-48DD-B9FD-246C13A38DC9}.AppStore|ARM.ActiveCfg = Release|Any CPU
		{3E86E571-EFB0-48DD-B9FD-246C13A38DC9}.AppStore|ARM.Build.0 = Release|Any CPU
		{3E86E571-EFB0-48DD-B9FD-246C13A38DC9}.AppStore|ARM.Deploy.0 = Release|Any CPU
		{3E86E571-EFB0-48DD-B9FD-246C13A38DC9}.AppStore|iPhone.ActiveCfg = Release|Any CPU
		{3E86E571-EFB0-48DD-B9FD-246C13A38DC9}.AppStore|iPhone.Build.0 = Release|Any CPU
		{3E86E571-EFB0-48DD-B9FD-246C13A38DC9}.AppStore|iPhone.Deploy.0 = Release|Any CPU
		{3E86E571-EFB0-48DD-B9FD-246C13A38DC9}.AppStore|iPhoneSimulator.ActiveCfg = Release|Any CPU
		{3E86E571-EFB0-48DD-B9FD-246C13A38DC9}.AppStore|iPhoneSimulator.Build.0 = Release|Any CPU
		{3E86E571-EFB0-48DD-B9FD-246C13A38DC9}.AppStore|iPhoneSimulator.Deploy.0 = Release|Any CPU
		{3E86E571-EFB0-48DD-B9FD-246C13A38DC9}.AppStore|x64.ActiveCfg = Release|Any CPU
		{3E86E571-EFB0-48DD-B9FD-246C13A38DC9}.AppStore|x64.Build.0 = Release|Any CPU
		{3E86E571-EFB0-48DD-B9FD-246C13A38DC9}.AppStore|x64.Deploy.0 = Release|Any CPU
		{3E86E571-EFB0-48DD-B9FD-246C13A38DC9}.AppStore|x86.ActiveCfg = Release|Any CPU
		{3E86E571-EFB0-48DD-B9FD-246C13A38DC9}.AppStore|x86.Build.0 = Release|Any CPU
		{3E86E571-EFB0-48DD-B9FD-246C13A38DC9}.AppStore|x86.Deploy.0 = Release|Any CPU
		{3E86E571-EFB0-48DD-B9FD-246C13A38DC9}.Debug|Any CPU.ActiveCfg = Debug|Any CPU
		{3E86E571-EFB0-48DD-B9FD-246C13A38DC9}.Debug|Any CPU.Build.0 = Debug|Any CPU
		{3E86E571-EFB0-48DD-B9FD-246C13A38DC9}.Debug|Any CPU.Deploy.0 = Debug|Any CPU
		{3E86E571-EFB0-48DD-B9FD-246C13A38DC9}.Debug|ARM.ActiveCfg = Debug|Any CPU
		{3E86E571-EFB0-48DD-B9FD-246C13A38DC9}.Debug|ARM.Build.0 = Debug|Any CPU
		{3E86E571-EFB0-48DD-B9FD-246C13A38DC9}.Debug|ARM.Deploy.0 = Debug|Any CPU
		{3E86E571-EFB0-48DD-B9FD-246C13A38DC9}.Debug|iPhone.ActiveCfg = Debug|Any CPU
		{3E86E571-EFB0-48DD-B9FD-246C13A38DC9}.Debug|iPhone.Build.0 = Debug|Any CPU
		{3E86E571-EFB0-48DD-B9FD-246C13A38DC9}.Debug|iPhone.Deploy.0 = Debug|Any CPU
		{3E86E571-EFB0-48DD-B9FD-246C13A38DC9}.Debug|iPhoneSimulator.ActiveCfg = Debug|Any CPU
		{3E86E571-EFB0-48DD-B9FD-246C13A38DC9}.Debug|iPhoneSimulator.Build.0 = Debug|Any CPU
		{3E86E571-EFB0-48DD-B9FD-246C13A38DC9}.Debug|iPhoneSimulator.Deploy.0 = Debug|Any CPU
		{3E86E571-EFB0-48DD-B9FD-246C13A38DC9}.Debug|x64.ActiveCfg = Debug|Any CPU
		{3E86E571-EFB0-48DD-B9FD-246C13A38DC9}.Debug|x64.Build.0 = Debug|Any CPU
		{3E86E571-EFB0-48DD-B9FD-246C13A38DC9}.Debug|x64.Deploy.0 = Debug|Any CPU
		{3E86E571-EFB0-48DD-B9FD-246C13A38DC9}.Debug|x86.ActiveCfg = Debug|Any CPU
		{3E86E571-EFB0-48DD-B9FD-246C13A38DC9}.Debug|x86.Build.0 = Debug|Any CPU
		{3E86E571-EFB0-48DD-B9FD-246C13A38DC9}.Debug|x86.Deploy.0 = Debug|Any CPU
		{3E86E571-EFB0-48DD-B9FD-246C13A38DC9}.Release|Any CPU.ActiveCfg = Release|Any CPU
		{3E86E571-EFB0-48DD-B9FD-246C13A38DC9}.Release|Any CPU.Build.0 = Release|Any CPU
		{3E86E571-EFB0-48DD-B9FD-246C13A38DC9}.Release|Any CPU.Deploy.0 = Release|Any CPU
		{3E86E571-EFB0-48DD-B9FD-246C13A38DC9}.Release|ARM.ActiveCfg = Release|Any CPU
		{3E86E571-EFB0-48DD-B9FD-246C13A38DC9}.Release|ARM.Build.0 = Release|Any CPU
		{3E86E571-EFB0-48DD-B9FD-246C13A38DC9}.Release|ARM.Deploy.0 = Release|Any CPU
		{3E86E571-EFB0-48DD-B9FD-246C13A38DC9}.Release|iPhone.ActiveCfg = Release|Any CPU
		{3E86E571-EFB0-48DD-B9FD-246C13A38DC9}.Release|iPhone.Build.0 = Release|Any CPU
		{3E86E571-EFB0-48DD-B9FD-246C13A38DC9}.Release|iPhone.Deploy.0 = Release|Any CPU
		{3E86E571-EFB0-48DD-B9FD-246C13A38DC9}.Release|iPhoneSimulator.ActiveCfg = Release|Any CPU
		{3E86E571-EFB0-48DD-B9FD-246C13A38DC9}.Release|iPhoneSimulator.Build.0 = Release|Any CPU
		{3E86E571-EFB0-48DD-B9FD-246C13A38DC9}.Release|iPhoneSimulator.Deploy.0 = Release|Any CPU
		{3E86E571-EFB0-48DD-B9FD-246C13A38DC9}.Release|x64.ActiveCfg = Release|Any CPU
		{3E86E571-EFB0-48DD-B9FD-246C13A38DC9}.Release|x64.Build.0 = Release|Any CPU
		{3E86E571-EFB0-48DD-B9FD-246C13A38DC9}.Release|x64.Deploy.0 = Release|Any CPU
		{3E86E571-EFB0-48DD-B9FD-246C13A38DC9}.Release|x86.ActiveCfg = Release|Any CPU
		{3E86E571-EFB0-48DD-B9FD-246C13A38DC9}.Release|x86.Build.0 = Release|Any CPU
		{3E86E571-EFB0-48DD-B9FD-246C13A38DC9}.Release|x86.Deploy.0 = Release|Any CPU
		{B2F6DE56-680B-42FC-8099-5D653FEAD3C2}.Ad-Hoc|Any CPU.ActiveCfg = Release|Any CPU
		{B2F6DE56-680B-42FC-8099-5D653FEAD3C2}.Ad-Hoc|Any CPU.Build.0 = Release|Any CPU
		{B2F6DE56-680B-42FC-8099-5D653FEAD3C2}.Ad-Hoc|ARM.ActiveCfg = Release|Any CPU
		{B2F6DE56-680B-42FC-8099-5D653FEAD3C2}.Ad-Hoc|ARM.Build.0 = Release|Any CPU
		{B2F6DE56-680B-42FC-8099-5D653FEAD3C2}.Ad-Hoc|iPhone.ActiveCfg = Release|Any CPU
		{B2F6DE56-680B-42FC-8099-5D653FEAD3C2}.Ad-Hoc|iPhone.Build.0 = Release|Any CPU
		{B2F6DE56-680B-42FC-8099-5D653FEAD3C2}.Ad-Hoc|iPhoneSimulator.ActiveCfg = Release|Any CPU
		{B2F6DE56-680B-42FC-8099-5D653FEAD3C2}.Ad-Hoc|iPhoneSimulator.Build.0 = Release|Any CPU
		{B2F6DE56-680B-42FC-8099-5D653FEAD3C2}.Ad-Hoc|x64.ActiveCfg = Release|Any CPU
		{B2F6DE56-680B-42FC-8099-5D653FEAD3C2}.Ad-Hoc|x64.Build.0 = Release|Any CPU
		{B2F6DE56-680B-42FC-8099-5D653FEAD3C2}.Ad-Hoc|x86.ActiveCfg = Release|Any CPU
		{B2F6DE56-680B-42FC-8099-5D653FEAD3C2}.Ad-Hoc|x86.Build.0 = Release|Any CPU
		{B2F6DE56-680B-42FC-8099-5D653FEAD3C2}.AppStore|Any CPU.ActiveCfg = Release|Any CPU
		{B2F6DE56-680B-42FC-8099-5D653FEAD3C2}.AppStore|Any CPU.Build.0 = Release|Any CPU
		{B2F6DE56-680B-42FC-8099-5D653FEAD3C2}.AppStore|ARM.ActiveCfg = Release|Any CPU
		{B2F6DE56-680B-42FC-8099-5D653FEAD3C2}.AppStore|ARM.Build.0 = Release|Any CPU
		{B2F6DE56-680B-42FC-8099-5D653FEAD3C2}.AppStore|iPhone.ActiveCfg = Release|Any CPU
		{B2F6DE56-680B-42FC-8099-5D653FEAD3C2}.AppStore|iPhone.Build.0 = Release|Any CPU
		{B2F6DE56-680B-42FC-8099-5D653FEAD3C2}.AppStore|iPhoneSimulator.ActiveCfg = Release|Any CPU
		{B2F6DE56-680B-42FC-8099-5D653FEAD3C2}.AppStore|iPhoneSimulator.Build.0 = Release|Any CPU
		{B2F6DE56-680B-42FC-8099-5D653FEAD3C2}.AppStore|x64.ActiveCfg = Release|Any CPU
		{B2F6DE56-680B-42FC-8099-5D653FEAD3C2}.AppStore|x64.Build.0 = Release|Any CPU
		{B2F6DE56-680B-42FC-8099-5D653FEAD3C2}.AppStore|x86.ActiveCfg = Release|Any CPU
		{B2F6DE56-680B-42FC-8099-5D653FEAD3C2}.AppStore|x86.Build.0 = Release|Any CPU
		{B2F6DE56-680B-42FC-8099-5D653FEAD3C2}.Debug|Any CPU.ActiveCfg = Debug|Any CPU
		{B2F6DE56-680B-42FC-8099-5D653FEAD3C2}.Debug|Any CPU.Build.0 = Debug|Any CPU
		{B2F6DE56-680B-42FC-8099-5D653FEAD3C2}.Debug|ARM.ActiveCfg = Debug|Any CPU
		{B2F6DE56-680B-42FC-8099-5D653FEAD3C2}.Debug|ARM.Build.0 = Debug|Any CPU
		{B2F6DE56-680B-42FC-8099-5D653FEAD3C2}.Debug|iPhone.ActiveCfg = Debug|Any CPU
		{B2F6DE56-680B-42FC-8099-5D653FEAD3C2}.Debug|iPhone.Build.0 = Debug|Any CPU
		{B2F6DE56-680B-42FC-8099-5D653FEAD3C2}.Debug|iPhoneSimulator.ActiveCfg = Debug|Any CPU
		{B2F6DE56-680B-42FC-8099-5D653FEAD3C2}.Debug|iPhoneSimulator.Build.0 = Debug|Any CPU
		{B2F6DE56-680B-42FC-8099-5D653FEAD3C2}.Debug|x64.ActiveCfg = Debug|Any CPU
		{B2F6DE56-680B-42FC-8099-5D653FEAD3C2}.Debug|x64.Build.0 = Debug|Any CPU
		{B2F6DE56-680B-42FC-8099-5D653FEAD3C2}.Debug|x86.ActiveCfg = Debug|Any CPU
		{B2F6DE56-680B-42FC-8099-5D653FEAD3C2}.Debug|x86.Build.0 = Debug|Any CPU
		{B2F6DE56-680B-42FC-8099-5D653FEAD3C2}.Release|Any CPU.ActiveCfg = Release|Any CPU
		{B2F6DE56-680B-42FC-8099-5D653FEAD3C2}.Release|Any CPU.Build.0 = Release|Any CPU
		{B2F6DE56-680B-42FC-8099-5D653FEAD3C2}.Release|ARM.ActiveCfg = Release|Any CPU
		{B2F6DE56-680B-42FC-8099-5D653FEAD3C2}.Release|ARM.Build.0 = Release|Any CPU
		{B2F6DE56-680B-42FC-8099-5D653FEAD3C2}.Release|iPhone.ActiveCfg = Release|Any CPU
		{B2F6DE56-680B-42FC-8099-5D653FEAD3C2}.Release|iPhone.Build.0 = Release|Any CPU
		{B2F6DE56-680B-42FC-8099-5D653FEAD3C2}.Release|iPhoneSimulator.ActiveCfg = Release|Any CPU
		{B2F6DE56-680B-42FC-8099-5D653FEAD3C2}.Release|iPhoneSimulator.Build.0 = Release|Any CPU
		{B2F6DE56-680B-42FC-8099-5D653FEAD3C2}.Release|x64.ActiveCfg = Release|Any CPU
		{B2F6DE56-680B-42FC-8099-5D653FEAD3C2}.Release|x64.Build.0 = Release|Any CPU
		{B2F6DE56-680B-42FC-8099-5D653FEAD3C2}.Release|x86.ActiveCfg = Release|Any CPU
		{B2F6DE56-680B-42FC-8099-5D653FEAD3C2}.Release|x86.Build.0 = Release|Any CPU
		{BAA29271-076B-4D51-87D4-638A900FD865}.Ad-Hoc|Any CPU.ActiveCfg = Ad-Hoc|iPhone
		{BAA29271-076B-4D51-87D4-638A900FD865}.Ad-Hoc|ARM.ActiveCfg = Ad-Hoc|iPhone
		{BAA29271-076B-4D51-87D4-638A900FD865}.Ad-Hoc|iPhone.ActiveCfg = Ad-Hoc|iPhone
		{BAA29271-076B-4D51-87D4-638A900FD865}.Ad-Hoc|iPhone.Build.0 = Ad-Hoc|iPhone
		{BAA29271-076B-4D51-87D4-638A900FD865}.Ad-Hoc|iPhoneSimulator.ActiveCfg = Ad-Hoc|iPhoneSimulator
		{BAA29271-076B-4D51-87D4-638A900FD865}.Ad-Hoc|iPhoneSimulator.Build.0 = Ad-Hoc|iPhoneSimulator
		{BAA29271-076B-4D51-87D4-638A900FD865}.Ad-Hoc|x64.ActiveCfg = Ad-Hoc|iPhone
		{BAA29271-076B-4D51-87D4-638A900FD865}.Ad-Hoc|x86.ActiveCfg = Ad-Hoc|iPhone
		{BAA29271-076B-4D51-87D4-638A900FD865}.AppStore|Any CPU.ActiveCfg = AppStore|iPhone
		{BAA29271-076B-4D51-87D4-638A900FD865}.AppStore|ARM.ActiveCfg = AppStore|iPhone
		{BAA29271-076B-4D51-87D4-638A900FD865}.AppStore|iPhone.ActiveCfg = AppStore|iPhone
		{BAA29271-076B-4D51-87D4-638A900FD865}.AppStore|iPhone.Build.0 = AppStore|iPhone
		{BAA29271-076B-4D51-87D4-638A900FD865}.AppStore|iPhoneSimulator.ActiveCfg = AppStore|iPhoneSimulator
		{BAA29271-076B-4D51-87D4-638A900FD865}.AppStore|iPhoneSimulator.Build.0 = AppStore|iPhoneSimulator
		{BAA29271-076B-4D51-87D4-638A900FD865}.AppStore|x64.ActiveCfg = AppStore|iPhone
		{BAA29271-076B-4D51-87D4-638A900FD865}.AppStore|x86.ActiveCfg = AppStore|iPhone
		{BAA29271-076B-4D51-87D4-638A900FD865}.Debug|Any CPU.ActiveCfg = Debug|iPhone
		{BAA29271-076B-4D51-87D4-638A900FD865}.Debug|ARM.ActiveCfg = Debug|iPhone
		{BAA29271-076B-4D51-87D4-638A900FD865}.Debug|iPhone.ActiveCfg = Debug|iPhone
		{BAA29271-076B-4D51-87D4-638A900FD865}.Debug|iPhone.Build.0 = Debug|iPhone
		{BAA29271-076B-4D51-87D4-638A900FD865}.Debug|iPhoneSimulator.ActiveCfg = Debug|iPhoneSimulator
		{BAA29271-076B-4D51-87D4-638A900FD865}.Debug|iPhoneSimulator.Build.0 = Debug|iPhoneSimulator
		{BAA29271-076B-4D51-87D4-638A900FD865}.Debug|x64.ActiveCfg = Debug|iPhone
		{BAA29271-076B-4D51-87D4-638A900FD865}.Debug|x86.ActiveCfg = Debug|iPhone
		{BAA29271-076B-4D51-87D4-638A900FD865}.Release|Any CPU.ActiveCfg = Release|iPhone
		{BAA29271-076B-4D51-87D4-638A900FD865}.Release|ARM.ActiveCfg = Release|iPhone
		{BAA29271-076B-4D51-87D4-638A900FD865}.Release|iPhone.ActiveCfg = Release|iPhone
		{BAA29271-076B-4D51-87D4-638A900FD865}.Release|iPhone.Build.0 = Release|iPhone
		{BAA29271-076B-4D51-87D4-638A900FD865}.Release|iPhoneSimulator.ActiveCfg = Release|iPhoneSimulator
		{BAA29271-076B-4D51-87D4-638A900FD865}.Release|iPhoneSimulator.Build.0 = Release|iPhoneSimulator
		{BAA29271-076B-4D51-87D4-638A900FD865}.Release|x64.ActiveCfg = Release|iPhone
		{BAA29271-076B-4D51-87D4-638A900FD865}.Release|x86.ActiveCfg = Release|iPhone
		{192474AB-D081-4BE9-8330-9BAD31EB45C8}.Ad-Hoc|Any CPU.ActiveCfg = Ad-Hoc|iPhone
		{192474AB-D081-4BE9-8330-9BAD31EB45C8}.Ad-Hoc|ARM.ActiveCfg = Ad-Hoc|iPhone
		{192474AB-D081-4BE9-8330-9BAD31EB45C8}.Ad-Hoc|iPhone.ActiveCfg = Ad-Hoc|iPhone
		{192474AB-D081-4BE9-8330-9BAD31EB45C8}.Ad-Hoc|iPhone.Build.0 = Ad-Hoc|iPhone
		{192474AB-D081-4BE9-8330-9BAD31EB45C8}.Ad-Hoc|iPhoneSimulator.ActiveCfg = Ad-Hoc|iPhoneSimulator
		{192474AB-D081-4BE9-8330-9BAD31EB45C8}.Ad-Hoc|iPhoneSimulator.Build.0 = Ad-Hoc|iPhoneSimulator
		{192474AB-D081-4BE9-8330-9BAD31EB45C8}.Ad-Hoc|x64.ActiveCfg = Ad-Hoc|iPhone
		{192474AB-D081-4BE9-8330-9BAD31EB45C8}.Ad-Hoc|x86.ActiveCfg = Ad-Hoc|iPhone
		{192474AB-D081-4BE9-8330-9BAD31EB45C8}.AppStore|Any CPU.ActiveCfg = AppStore|iPhone
		{192474AB-D081-4BE9-8330-9BAD31EB45C8}.AppStore|ARM.ActiveCfg = AppStore|iPhone
		{192474AB-D081-4BE9-8330-9BAD31EB45C8}.AppStore|iPhone.ActiveCfg = AppStore|iPhone
		{192474AB-D081-4BE9-8330-9BAD31EB45C8}.AppStore|iPhone.Build.0 = AppStore|iPhone
		{192474AB-D081-4BE9-8330-9BAD31EB45C8}.AppStore|iPhoneSimulator.ActiveCfg = AppStore|iPhoneSimulator
		{192474AB-D081-4BE9-8330-9BAD31EB45C8}.AppStore|iPhoneSimulator.Build.0 = AppStore|iPhoneSimulator
		{192474AB-D081-4BE9-8330-9BAD31EB45C8}.AppStore|x64.ActiveCfg = AppStore|iPhone
		{192474AB-D081-4BE9-8330-9BAD31EB45C8}.AppStore|x86.ActiveCfg = AppStore|iPhone
		{192474AB-D081-4BE9-8330-9BAD31EB45C8}.Debug|Any CPU.ActiveCfg = Debug|iPhone
		{192474AB-D081-4BE9-8330-9BAD31EB45C8}.Debug|ARM.ActiveCfg = Debug|iPhone
		{192474AB-D081-4BE9-8330-9BAD31EB45C8}.Debug|iPhone.ActiveCfg = Debug|iPhone
		{192474AB-D081-4BE9-8330-9BAD31EB45C8}.Debug|iPhone.Build.0 = Debug|iPhone
		{192474AB-D081-4BE9-8330-9BAD31EB45C8}.Debug|iPhoneSimulator.ActiveCfg = Debug|iPhoneSimulator
		{192474AB-D081-4BE9-8330-9BAD31EB45C8}.Debug|iPhoneSimulator.Build.0 = Debug|iPhoneSimulator
		{192474AB-D081-4BE9-8330-9BAD31EB45C8}.Debug|x64.ActiveCfg = Debug|iPhone
		{192474AB-D081-4BE9-8330-9BAD31EB45C8}.Debug|x86.ActiveCfg = Debug|iPhone
		{192474AB-D081-4BE9-8330-9BAD31EB45C8}.Release|Any CPU.ActiveCfg = Release|iPhone
		{192474AB-D081-4BE9-8330-9BAD31EB45C8}.Release|ARM.ActiveCfg = Release|iPhone
		{192474AB-D081-4BE9-8330-9BAD31EB45C8}.Release|iPhone.ActiveCfg = Release|iPhone
		{192474AB-D081-4BE9-8330-9BAD31EB45C8}.Release|iPhone.Build.0 = Release|iPhone
		{192474AB-D081-4BE9-8330-9BAD31EB45C8}.Release|iPhoneSimulator.ActiveCfg = Release|iPhoneSimulator
		{192474AB-D081-4BE9-8330-9BAD31EB45C8}.Release|iPhoneSimulator.Build.0 = Release|iPhoneSimulator
		{192474AB-D081-4BE9-8330-9BAD31EB45C8}.Release|x64.ActiveCfg = Release|iPhone
		{192474AB-D081-4BE9-8330-9BAD31EB45C8}.Release|x86.ActiveCfg = Release|iPhone
	EndGlobalSection
	GlobalSection(SolutionProperties) = preSolution
		HideSolutionNode = FALSE
	EndGlobalSection
EndGlobal
